
Microsoft Visual Studio Solution File, Format Version 12.00
# Visual Studio Version 16
VisualStudioVersion = 16.0.33214.272
MinimumVisualStudioVersion = 10.0.40219.1
Project("{8BC9CEB8-8B4A-11D0-8D11-00A0C91BC942}") = "Mini-Golf", "Mini-Golf.vcxproj", "{F9ACA3C0-684C-376C-84B7-2B1A032594C0}"
EndProject
Global
	GlobalSection(SolutionConfigurationPlatforms) = preSolution
		Debug|x64 = Debug|x64
		Release|x64 = Release|x64
	EndGlobalSection
	GlobalSection(ProjectConfigurationPlatforms) = postSolution
		{F9ACA3C0-684C-376C-84B7-2B1A032594C0}.Debug|x64.ActiveCfg = Debug|x64
		{F9ACA3C0-684C-376C-84B7-2B1A032594C0}.Debug|x64.Build.0 = Debug|x64
		{F9ACA3C0-684C-376C-84B7-2B1A032594C0}.Release|x64.ActiveCfg = Release|x64
		{F9ACA3C0-684C-376C-84B7-2B1A032594C0}.Release|x64.Build.0 = Release|x64
	EndGlobalSection
	GlobalSection(SolutionProperties) = preSolution
		HideSolutionNode = FALSE
	EndGlobalSection
	GlobalSection(ExtensibilityGlobals) = postSolution
		SolutionGuid = {CC237CF5-D784-47E6-8C3D-778FEE4797CF}
	EndGlobalSection
EndGlobal
